// !$*UTF8*$!
{
	archiveVersion = 1;
	classes = {
	};
	objectVersion = 46;
	objects = {

/* Begin PBXBuildFile section */
		353044C01D34A006006C857E /* ParseConvenience.swift in Sources */ = {isa = PBXBuildFile; fileRef = 353044BF1D34A006006C857E /* ParseConvenience.swift */; };
		353044C31D34DBE6006C857E /* PinsTableViewController.swift in Sources */ = {isa = PBXBuildFile; fileRef = 353044C21D34DBE6006C857E /* PinsTableViewController.swift */; };
		355910741D321969002F20BD /* AppDelegate.swift in Sources */ = {isa = PBXBuildFile; fileRef = 355910731D321969002F20BD /* AppDelegate.swift */; };
		355910791D321969002F20BD /* Main.storyboard in Resources */ = {isa = PBXBuildFile; fileRef = 355910771D321969002F20BD /* Main.storyboard */; };
		3559107B1D321969002F20BD /* Assets.xcassets in Resources */ = {isa = PBXBuildFile; fileRef = 3559107A1D321969002F20BD /* Assets.xcassets */; };
		3559107E1D321969002F20BD /* LaunchScreen.storyboard in Resources */ = {isa = PBXBuildFile; fileRef = 3559107C1D321969002F20BD /* LaunchScreen.storyboard */; };
		355910891D321969002F20BD /* On_the_MapTests.swift in Sources */ = {isa = PBXBuildFile; fileRef = 355910881D321969002F20BD /* On_the_MapTests.swift */; };
		355910941D321969002F20BD /* On_the_MapUITests.swift in Sources */ = {isa = PBXBuildFile; fileRef = 355910931D321969002F20BD /* On_the_MapUITests.swift */; };
		355910A21D321F30002F20BD /* UdacityUser.swift in Sources */ = {isa = PBXBuildFile; fileRef = 355910A11D321F30002F20BD /* UdacityUser.swift */; };
		355910A41D321FF1002F20BD /* UdacityClient.swift in Sources */ = {isa = PBXBuildFile; fileRef = 355910A31D321FF1002F20BD /* UdacityClient.swift */; };
		355910A61D322008002F20BD /* UdacityConstants.swift in Sources */ = {isa = PBXBuildFile; fileRef = 355910A51D322008002F20BD /* UdacityConstants.swift */; };
		355910AB1D3339A6002F20BD /* UdacityConvenience.swift in Sources */ = {isa = PBXBuildFile; fileRef = 355910AA1D3339A6002F20BD /* UdacityConvenience.swift */; };
		355910AD1D338446002F20BD /* LoginViewController.swift in Sources */ = {isa = PBXBuildFile; fileRef = 355910AC1D338446002F20BD /* LoginViewController.swift */; };
		355910AF1D3399EF002F20BD /* PinsMapViewController.swift in Sources */ = {isa = PBXBuildFile; fileRef = 355910AE1D3399EF002F20BD /* PinsMapViewController.swift */; };
		355910B21D34877C002F20BD /* StudentLocation.swift in Sources */ = {isa = PBXBuildFile; fileRef = 355910B11D34877C002F20BD /* StudentLocation.swift */; };
		355910B41D34886F002F20BD /* ParseClient.swift in Sources */ = {isa = PBXBuildFile; fileRef = 355910B31D34886F002F20BD /* ParseClient.swift */; };
		355910B61D3488AE002F20BD /* ParseConstants.swift in Sources */ = {isa = PBXBuildFile; fileRef = 355910B51D3488AE002F20BD /* ParseConstants.swift */; };
/* End PBXBuildFile section */

/* Begin PBXContainerItemProxy section */
		355910851D321969002F20BD /* PBXContainerItemProxy */ = {
			isa = PBXContainerItemProxy;
			containerPortal = 355910681D321969002F20BD /* Project object */;
			proxyType = 1;
			remoteGlobalIDString = 3559106F1D321969002F20BD;
			remoteInfo = "On the Map";
		};
		355910901D321969002F20BD /* PBXContainerItemProxy */ = {
			isa = PBXContainerItemProxy;
			containerPortal = 355910681D321969002F20BD /* Project object */;
			proxyType = 1;
			remoteGlobalIDString = 3559106F1D321969002F20BD;
			remoteInfo = "On the Map";
		};
/* End PBXContainerItemProxy section */

/* Begin PBXFileReference section */
		353044BF1D34A006006C857E /* ParseConvenience.swift */ = {isa = PBXFileReference; fileEncoding = 4; lastKnownFileType = sourcecode.swift; path = ParseConvenience.swift; sourceTree = "<group>"; };
		353044C21D34DBE6006C857E /* PinsTableViewController.swift */ = {isa = PBXFileReference; fileEncoding = 4; lastKnownFileType = sourcecode.swift; path = PinsTableViewController.swift; sourceTree = "<group>"; };
		355910701D321969002F20BD /* On the Map.app */ = {isa = PBXFileReference; explicitFileType = wrapper.application; includeInIndex = 0; path = "On the Map.app"; sourceTree = BUILT_PRODUCTS_DIR; };
		355910731D321969002F20BD /* AppDelegate.swift */ = {isa = PBXFileReference; lastKnownFileType = sourcecode.swift; path = AppDelegate.swift; sourceTree = "<group>"; };
		355910781D321969002F20BD /* Base */ = {isa = PBXFileReference; lastKnownFileType = file.storyboard; name = Base; path = Base.lproj/Main.storyboard; sourceTree = "<group>"; };
		3559107A1D321969002F20BD /* Assets.xcassets */ = {isa = PBXFileReference; lastKnownFileType = folder.assetcatalog; path = Assets.xcassets; sourceTree = "<group>"; };
		3559107D1D321969002F20BD /* Base */ = {isa = PBXFileReference; lastKnownFileType = file.storyboard; name = Base; path = Base.lproj/LaunchScreen.storyboard; sourceTree = "<group>"; };
		3559107F1D321969002F20BD /* Info.plist */ = {isa = PBXFileReference; lastKnownFileType = text.plist.xml; path = Info.plist; sourceTree = "<group>"; };
		355910841D321969002F20BD /* On the MapTests.xctest */ = {isa = PBXFileReference; explicitFileType = wrapper.cfbundle; includeInIndex = 0; path = "On the MapTests.xctest"; sourceTree = BUILT_PRODUCTS_DIR; };
		355910881D321969002F20BD /* On_the_MapTests.swift */ = {isa = PBXFileReference; lastKnownFileType = sourcecode.swift; path = On_the_MapTests.swift; sourceTree = "<group>"; };
		3559108A1D321969002F20BD /* Info.plist */ = {isa = PBXFileReference; lastKnownFileType = text.plist.xml; path = Info.plist; sourceTree = "<group>"; };
		3559108F1D321969002F20BD /* On the MapUITests.xctest */ = {isa = PBXFileReference; explicitFileType = wrapper.cfbundle; includeInIndex = 0; path = "On the MapUITests.xctest"; sourceTree = BUILT_PRODUCTS_DIR; };
		355910931D321969002F20BD /* On_the_MapUITests.swift */ = {isa = PBXFileReference; lastKnownFileType = sourcecode.swift; path = On_the_MapUITests.swift; sourceTree = "<group>"; };
		355910951D321969002F20BD /* Info.plist */ = {isa = PBXFileReference; lastKnownFileType = text.plist.xml; path = Info.plist; sourceTree = "<group>"; };
		355910A11D321F30002F20BD /* UdacityUser.swift */ = {isa = PBXFileReference; fileEncoding = 4; lastKnownFileType = sourcecode.swift; path = UdacityUser.swift; sourceTree = "<group>"; };
		355910A31D321FF1002F20BD /* UdacityClient.swift */ = {isa = PBXFileReference; fileEncoding = 4; lastKnownFileType = sourcecode.swift; path = UdacityClient.swift; sourceTree = "<group>"; };
		355910A51D322008002F20BD /* UdacityConstants.swift */ = {isa = PBXFileReference; fileEncoding = 4; lastKnownFileType = sourcecode.swift; path = UdacityConstants.swift; sourceTree = "<group>"; };
		355910AA1D3339A6002F20BD /* UdacityConvenience.swift */ = {isa = PBXFileReference; fileEncoding = 4; lastKnownFileType = sourcecode.swift; path = UdacityConvenience.swift; sourceTree = "<group>"; };
		355910AC1D338446002F20BD /* LoginViewController.swift */ = {isa = PBXFileReference; fileEncoding = 4; lastKnownFileType = sourcecode.swift; path = LoginViewController.swift; sourceTree = "<group>"; };
		355910AE1D3399EF002F20BD /* PinsMapViewController.swift */ = {isa = PBXFileReference; fileEncoding = 4; lastKnownFileType = sourcecode.swift; path = PinsMapViewController.swift; sourceTree = "<group>"; };
		355910B11D34877C002F20BD /* StudentLocation.swift */ = {isa = PBXFileReference; fileEncoding = 4; lastKnownFileType = sourcecode.swift; path = StudentLocation.swift; sourceTree = "<group>"; };
		355910B31D34886F002F20BD /* ParseClient.swift */ = {isa = PBXFileReference; fileEncoding = 4; lastKnownFileType = sourcecode.swift; path = ParseClient.swift; sourceTree = "<group>"; };
		355910B51D3488AE002F20BD /* ParseConstants.swift */ = {isa = PBXFileReference; fileEncoding = 4; lastKnownFileType = sourcecode.swift; path = ParseConstants.swift; sourceTree = "<group>"; };
/* End PBXFileReference section */

/* Begin PBXFrameworksBuildPhase section */
		3559106D1D321969002F20BD /* Frameworks */ = {
			isa = PBXFrameworksBuildPhase;
			buildActionMask = 2147483647;
			files = (
			);
			runOnlyForDeploymentPostprocessing = 0;
		};
		355910811D321969002F20BD /* Frameworks */ = {
			isa = PBXFrameworksBuildPhase;
			buildActionMask = 2147483647;
			files = (
			);
			runOnlyForDeploymentPostprocessing = 0;
		};
		3559108C1D321969002F20BD /* Frameworks */ = {
			isa = PBXFrameworksBuildPhase;
			buildActionMask = 2147483647;
			files = (
			);
			runOnlyForDeploymentPostprocessing = 0;
		};
/* End PBXFrameworksBuildPhase section */

/* Begin PBXGroup section */
		353044C11D34DBB0006C857E /* Controller */ = {
			isa = PBXGroup;
			children = (
				355910AC1D338446002F20BD /* LoginViewController.swift */,
				355910AE1D3399EF002F20BD /* PinsMapViewController.swift */,
				353044C21D34DBE6006C857E /* PinsTableViewController.swift */,
			);
			name = Controller;
			sourceTree = "<group>";
		};
		355910671D321969002F20BD = {
			isa = PBXGroup;
			children = (
				355910721D321969002F20BD /* On the Map */,
				355910871D321969002F20BD /* On the MapTests */,
				355910921D321969002F20BD /* On the MapUITests */,
				355910711D321969002F20BD /* Products */,
			);
			sourceTree = "<group>";
		};
		355910711D321969002F20BD /* Products */ = {
			isa = PBXGroup;
			children = (
				355910701D321969002F20BD /* On the Map.app */,
				355910841D321969002F20BD /* On the MapTests.xctest */,
				3559108F1D321969002F20BD /* On the MapUITests.xctest */,
			);
			name = Products;
			sourceTree = "<group>";
		};
		355910721D321969002F20BD /* On the Map */ = {
			isa = PBXGroup;
			children = (
				353044C11D34DBB0006C857E /* Controller */,
				355910A71D333806002F20BD /* Model */,
				355910731D321969002F20BD /* AppDelegate.swift */,
				355910771D321969002F20BD /* Main.storyboard */,
				3559107A1D321969002F20BD /* Assets.xcassets */,
				3559107C1D321969002F20BD /* LaunchScreen.storyboard */,
				3559107F1D321969002F20BD /* Info.plist */,
			);
			path = "On the Map";
			sourceTree = "<group>";
		};
		355910871D321969002F20BD /* On the MapTests */ = {
			isa = PBXGroup;
			children = (
				355910881D321969002F20BD /* On_the_MapTests.swift */,
				3559108A1D321969002F20BD /* Info.plist */,
			);
			path = "On the MapTests";
			sourceTree = "<group>";
		};
		355910921D321969002F20BD /* On the MapUITests */ = {
			isa = PBXGroup;
			children = (
				355910931D321969002F20BD /* On_the_MapUITests.swift */,
				355910951D321969002F20BD /* Info.plist */,
			);
			path = "On the MapUITests";
			sourceTree = "<group>";
		};
		355910A71D333806002F20BD /* Model */ = {
			isa = PBXGroup;
			children = (
				355910A81D333812002F20BD /* Clients */,
			);
			name = Model;
			sourceTree = "<group>";
		};
		355910A81D333812002F20BD /* Clients */ = {
			isa = PBXGroup;
			children = (
				355910B01D348746002F20BD /* Parse */,
				355910A91D333821002F20BD /* Udacity */,
			);
			name = Clients;
			sourceTree = "<group>";
		};
		355910A91D333821002F20BD /* Udacity */ = {
			isa = PBXGroup;
			children = (
				355910A11D321F30002F20BD /* UdacityUser.swift */,
				355910A31D321FF1002F20BD /* UdacityClient.swift */,
				355910A51D322008002F20BD /* UdacityConstants.swift */,
				355910AA1D3339A6002F20BD /* UdacityConvenience.swift */,
			);
			name = Udacity;
			sourceTree = "<group>";
		};
		355910B01D348746002F20BD /* Parse */ = {
			isa = PBXGroup;
			children = (
				355910B11D34877C002F20BD /* StudentLocation.swift */,
				355910B31D34886F002F20BD /* ParseClient.swift */,
				355910B51D3488AE002F20BD /* ParseConstants.swift */,
				353044BF1D34A006006C857E /* ParseConvenience.swift */,
			);
			name = Parse;
			sourceTree = "<group>";
		};
/* End PBXGroup section */

/* Begin PBXNativeTarget section */
		3559106F1D321969002F20BD /* On the Map */ = {
			isa = PBXNativeTarget;
			buildConfigurationList = 355910981D321969002F20BD /* Build configuration list for PBXNativeTarget "On the Map" */;
			buildPhases = (
				3559106C1D321969002F20BD /* Sources */,
				3559106D1D321969002F20BD /* Frameworks */,
				3559106E1D321969002F20BD /* Resources */,
			);
			buildRules = (
			);
			dependencies = (
			);
			name = "On the Map";
			productName = "On the Map";
			productReference = 355910701D321969002F20BD /* On the Map.app */;
			productType = "com.apple.product-type.application";
		};
		355910831D321969002F20BD /* On the MapTests */ = {
			isa = PBXNativeTarget;
			buildConfigurationList = 3559109B1D321969002F20BD /* Build configuration list for PBXNativeTarget "On the MapTests" */;
			buildPhases = (
				355910801D321969002F20BD /* Sources */,
				355910811D321969002F20BD /* Frameworks */,
				355910821D321969002F20BD /* Resources */,
			);
			buildRules = (
			);
			dependencies = (
				355910861D321969002F20BD /* PBXTargetDependency */,
			);
			name = "On the MapTests";
			productName = "On the MapTests";
			productReference = 355910841D321969002F20BD /* On the MapTests.xctest */;
			productType = "com.apple.product-type.bundle.unit-test";
		};
		3559108E1D321969002F20BD /* On the MapUITests */ = {
			isa = PBXNativeTarget;
			buildConfigurationList = 3559109E1D321969002F20BD /* Build configuration list for PBXNativeTarget "On the MapUITests" */;
			buildPhases = (
				3559108B1D321969002F20BD /* Sources */,
				3559108C1D321969002F20BD /* Frameworks */,
				3559108D1D321969002F20BD /* Resources */,
			);
			buildRules = (
			);
			dependencies = (
				355910911D321969002F20BD /* PBXTargetDependency */,
			);
			name = "On the MapUITests";
			productName = "On the MapUITests";
			productReference = 3559108F1D321969002F20BD /* On the MapUITests.xctest */;
			productType = "com.apple.product-type.bundle.ui-testing";
		};
/* End PBXNativeTarget section */

/* Begin PBXProject section */
		355910681D321969002F20BD /* Project object */ = {
			isa = PBXProject;
			attributes = {
				LastSwiftUpdateCheck = 0730;
				LastUpgradeCheck = 0730;
				ORGANIZATIONNAME = Alexscott;
				TargetAttributes = {
					3559106F1D321969002F20BD = {
						CreatedOnToolsVersion = 7.3.1;
						DevelopmentTeam = BCW8MN39TF;
					};
					355910831D321969002F20BD = {
						CreatedOnToolsVersion = 7.3.1;
						TestTargetID = 3559106F1D321969002F20BD;
					};
					3559108E1D321969002F20BD = {
						CreatedOnToolsVersion = 7.3.1;
						TestTargetID = 3559106F1D321969002F20BD;
					};
				};
			};
			buildConfigurationList = 3559106B1D321969002F20BD /* Build configuration list for PBXProject "On the Map" */;
			compatibilityVersion = "Xcode 3.2";
			developmentRegion = English;
			hasScannedForEncodings = 0;
			knownRegions = (
				en,
				Base,
			);
			mainGroup = 355910671D321969002F20BD;
			productRefGroup = 355910711D321969002F20BD /* Products */;
			projectDirPath = "";
			projectRoot = "";
			targets = (
				3559106F1D321969002F20BD /* On the Map */,
				355910831D321969002F20BD /* On the MapTests */,
				3559108E1D321969002F20BD /* On the MapUITests */,
			);
		};
/* End PBXProject section */

/* Begin PBXResourcesBuildPhase section */
		3559106E1D321969002F20BD /* Resources */ = {
			isa = PBXResourcesBuildPhase;
			buildActionMask = 2147483647;
			files = (
				3559107E1D321969002F20BD /* LaunchScreen.storyboard in Resources */,
				3559107B1D321969002F20BD /* Assets.xcassets in Resources */,
				355910791D321969002F20BD /* Main.storyboard in Resources */,
			);
			runOnlyForDeploymentPostprocessing = 0;
		};
		355910821D321969002F20BD /* Resources */ = {
			isa = PBXResourcesBuildPhase;
			buildActionMask = 2147483647;
			files = (
			);
			runOnlyForDeploymentPostprocessing = 0;
		};
		3559108D1D321969002F20BD /* Resources */ = {
			isa = PBXResourcesBuildPhase;
			buildActionMask = 2147483647;
			files = (
			);
			runOnlyForDeploymentPostprocessing = 0;
		};
/* End PBXResourcesBuildPhase section */

/* Begin PBXSourcesBuildPhase section */
		3559106C1D321969002F20BD /* Sources */ = {
			isa = PBXSourcesBuildPhase;
			buildActionMask = 2147483647;
			files = (
				355910B21D34877C002F20BD /* StudentLocation.swift in Sources */,
				353044C31D34DBE6006C857E /* PinsTableViewController.swift in Sources */,
				353044C01D34A006006C857E /* ParseConvenience.swift in Sources */,
				355910AD1D338446002F20BD /* LoginViewController.swift in Sources */,
				355910B61D3488AE002F20BD /* ParseConstants.swift in Sources */,
				355910A41D321FF1002F20BD /* UdacityClient.swift in Sources */,
				355910A61D322008002F20BD /* UdacityConstants.swift in Sources */,
				355910A21D321F30002F20BD /* UdacityUser.swift in Sources */,
				355910B41D34886F002F20BD /* ParseClient.swift in Sources */,
				355910AF1D3399EF002F20BD /* PinsMapViewController.swift in Sources */,
				355910741D321969002F20BD /* AppDelegate.swift in Sources */,
				355910AB1D3339A6002F20BD /* UdacityConvenience.swift in Sources */,
			);
			runOnlyForDeploymentPostprocessing = 0;
		};
		355910801D321969002F20BD /* Sources */ = {
			isa = PBXSourcesBuildPhase;
			buildActionMask = 2147483647;
			files = (
				355910891D321969002F20BD /* On_the_MapTests.swift in Sources */,
			);
			runOnlyForDeploymentPostprocessing = 0;
		};
		3559108B1D321969002F20BD /* Sources */ = {
			isa = PBXSourcesBuildPhase;
			buildActionMask = 2147483647;
			files = (
				355910941D321969002F20BD /* On_the_MapUITests.swift in Sources */,
			);
			runOnlyForDeploymentPostprocessing = 0;
		};
/* End PBXSourcesBuildPhase section */

/* Begin PBXTargetDependency section */
		355910861D321969002F20BD /* PBXTargetDependency */ = {
			isa = PBXTargetDependency;
			target = 3559106F1D321969002F20BD /* On the Map */;
			targetProxy = 355910851D321969002F20BD /* PBXContainerItemProxy */;
		};
		355910911D321969002F20BD /* PBXTargetDependency */ = {
			isa = PBXTargetDependency;
			target = 3559106F1D321969002F20BD /* On the Map */;
			targetProxy = 355910901D321969002F20BD /* PBXContainerItemProxy */;
		};
/* End PBXTargetDependency section */

/* Begin PBXVariantGroup section */
		355910771D321969002F20BD /* Main.storyboard */ = {
			isa = PBXVariantGroup;
			children = (
				355910781D321969002F20BD /* Base */,
			);
			name = Main.storyboard;
			sourceTree = "<group>";
		};
		3559107C1D321969002F20BD /* LaunchScreen.storyboard */ = {
			isa = PBXVariantGroup;
			children = (
				3559107D1D321969002F20BD /* Base */,
			);
			name = LaunchScreen.storyboard;
			sourceTree = "<group>";
		};
/* End PBXVariantGroup section */

/* Begin XCBuildConfiguration section */
		355910961D321969002F20BD /* Debug */ = {
			isa = XCBuildConfiguration;
			buildSettings = {
				ALWAYS_SEARCH_USER_PATHS = NO;
				CLANG_ANALYZER_NONNULL = YES;
				CLANG_CXX_LANGUAGE_STANDARD = "gnu++0x";
				CLANG_CXX_LIBRARY = "libc++";
				CLANG_ENABLE_MODULES = YES;
				CLANG_ENABLE_OBJC_ARC = YES;
				CLANG_WARN_BOOL_CONVERSION = YES;
				CLANG_WARN_CONSTANT_CONVERSION = YES;
				CLANG_WARN_DIRECT_OBJC_ISA_USAGE = YES_ERROR;
				CLANG_WARN_EMPTY_BODY = YES;
				CLANG_WARN_ENUM_CONVERSION = YES;
				CLANG_WARN_INT_CONVERSION = YES;
				CLANG_WARN_OBJC_ROOT_CLASS = YES_ERROR;
				CLANG_WARN_UNREACHABLE_CODE = YES;
				CLANG_WARN__DUPLICATE_METHOD_MATCH = YES;
				"CODE_SIGN_IDENTITY[sdk=iphoneos*]" = "iPhone Developer";
				COPY_PHASE_STRIP = NO;
				DEBUG_INFORMATION_FORMAT = dwarf;
				ENABLE_STRICT_OBJC_MSGSEND = YES;
				ENABLE_TESTABILITY = YES;
				GCC_C_LANGUAGE_STANDARD = gnu99;
				GCC_DYNAMIC_NO_PIC = NO;
				GCC_NO_COMMON_BLOCKS = YES;
				GCC_OPTIMIZATION_LEVEL = 0;
				GCC_PREPROCESSOR_DEFINITIONS = (
					"DEBUG=1",
					"$(inherited)",
				);
				GCC_WARN_64_TO_32_BIT_CONVERSION = YES;
				GCC_WARN_ABOUT_RETURN_TYPE = YES_ERROR;
				GCC_WARN_UNDECLARED_SELECTOR = YES;
				GCC_WARN_UNINITIALIZED_AUTOS = YES_AGGRESSIVE;
				GCC_WARN_UNUSED_FUNCTION = YES;
				GCC_WARN_UNUSED_VARIABLE = YES;
				IPHONEOS_DEPLOYMENT_TARGET = 9.3;
				MTL_ENABLE_DEBUG_INFO = YES;
				ONLY_ACTIVE_ARCH = YES;
				SDKROOT = iphoneos;
				SWIFT_OPTIMIZATION_LEVEL = "-Onone";
			};
			name = Debug;
		};
		355910971D321969002F20BD /* Release */ = {
			isa = XCBuildConfiguration;
			buildSettings = {
				ALWAYS_SEARCH_USER_PATHS = NO;
				CLANG_ANALYZER_NONNULL = YES;
				CLANG_CXX_LANGUAGE_STANDARD = "gnu++0x";
				CLANG_CXX_LIBRARY = "libc++";
				CLANG_ENABLE_MODULES = YES;
				CLANG_ENABLE_OBJC_ARC = YES;
				CLANG_WARN_BOOL_CONVERSION = YES;
				CLANG_WARN_CONSTANT_CONVERSION = YES;
				CLANG_WARN_DIRECT_OBJC_ISA_USAGE = YES_ERROR;
				CLANG_WARN_EMPTY_BODY = YES;
				CLANG_WARN_ENUM_CONVERSION = YES;
				CLANG_WARN_INT_CONVERSION = YES;
				CLANG_WARN_OBJC_ROOT_CLASS = YES_ERROR;
				CLANG_WARN_UNREACHABLE_CODE = YES;
				CLANG_WARN__DUPLICATE_METHOD_MATCH = YES;
				"CODE_SIGN_IDENTITY[sdk=iphoneos*]" = "iPhone Developer";
				COPY_PHASE_STRIP = NO;
				DEBUG_INFORMATION_FORMAT = "dwarf-with-dsym";
				ENABLE_NS_ASSERTIONS = NO;
				ENABLE_STRICT_OBJC_MSGSEND = YES;
				GCC_C_LANGUAGE_STANDARD = gnu99;
				GCC_NO_COMMON_BLOCKS = YES;
				GCC_WARN_64_TO_32_BIT_CONVERSION = YES;
				GCC_WARN_ABOUT_RETURN_TYPE = YES_ERROR;
				GCC_WARN_UNDECLARED_SELECTOR = YES;
				GCC_WARN_UNINITIALIZED_AUTOS = YES_AGGRESSIVE;
				GCC_WARN_UNUSED_FUNCTION = YES;
				GCC_WARN_UNUSED_VARIABLE = YES;
				IPHONEOS_DEPLOYMENT_TARGET = 9.3;
				MTL_ENABLE_DEBUG_INFO = NO;
				SDKROOT = iphoneos;
				VALIDATE_PRODUCT = YES;
			};
			name = Release;
		};
		355910991D321969002F20BD /* Debug */ = {
			isa = XCBuildConfiguration;
			buildSettings = {
				ASSETCATALOG_COMPILER_APPICON_NAME = AppIcon;
				CODE_SIGN_IDENTITY = "iPhone Developer";
				"CODE_SIGN_IDENTITY[sdk=iphoneos*]" = "iPhone Developer";
				INFOPLIST_FILE = "On the Map/Info.plist";
				LD_RUNPATH_SEARCH_PATHS = "$(inherited) @executable_path/Frameworks";
				PRODUCT_BUNDLE_IDENTIFIER = "com.hhhotdog.On-the-Map";
				PRODUCT_NAME = "$(TARGET_NAME)";
				PROVISIONING_PROFILE = "";
			};
			name = Debug;
		};
		3559109A1D321969002F20BD /* Release */ = {
			isa = XCBuildConfiguration;
			buildSettings = {
				ASSETCATALOG_COMPILER_APPICON_NAME = AppIcon;
				CODE_SIGN_IDENTITY = "iPhone Developer";
				"CODE_SIGN_IDENTITY[sdk=iphoneos*]" = "iPhone Developer";
				INFOPLIST_FILE = "On the Map/Info.plist";
				LD_RUNPATH_SEARCH_PATHS = "$(inherited) @executable_path/Frameworks";
				PRODUCT_BUNDLE_IDENTIFIER = "com.hhhotdog.On-the-Map";
				PRODUCT_NAME = "$(TARGET_NAME)";
				PROVISIONING_PROFILE = "";
			};
			name = Release;
		};
		3559109C1D321969002F20BD /* Debug */ = {
			isa = XCBuildConfiguration;
			buildSettings = {
				BUNDLE_LOADER = "$(TEST_HOST)";
				INFOPLIST_FILE = "On the MapTests/Info.plist";
				LD_RUNPATH_SEARCH_PATHS = "$(inherited) @executable_path/Frameworks @loader_path/Frameworks";
				PRODUCT_BUNDLE_IDENTIFIER = "com.hhhotdog.On-the-MapTests";
				PRODUCT_NAME = "$(TARGET_NAME)";
				TEST_HOST = "$(BUILT_PRODUCTS_DIR)/On the Map.app/On the Map";
			};
			name = Debug;
		};
		3559109D1D321969002F20BD /* Release */ = {
			isa = XCBuildConfiguration;
			buildSettings = {
				BUNDLE_LOADER = "$(TEST_HOST)";
				INFOPLIST_FILE = "On the MapTests/Info.plist";
				LD_RUNPATH_SEARCH_PATHS = "$(inherited) @executable_path/Frameworks @loader_path/Frameworks";
				PRODUCT_BUNDLE_IDENTIFIER = "com.hhhotdog.On-the-MapTests";
				PRODUCT_NAME = "$(TARGET_NAME)";
				TEST_HOST = "$(BUILT_PRODUCTS_DIR)/On the Map.app/On the Map";
			};
			name = Release;
		};
		3559109F1D321969002F20BD /* Debug */ = {
			isa = XCBuildConfiguration;
			buildSettings = {
				INFOPLIST_FILE = "On the MapUITests/Info.plist";
				LD_RUNPATH_SEARCH_PATHS = "$(inherited) @executable_path/Frameworks @loader_path/Frameworks";
				PRODUCT_BUNDLE_IDENTIFIER = "com.hhhotdog.On-the-MapUITests";
				PRODUCT_NAME = "$(TARGET_NAME)";
				TEST_TARGET_NAME = "On the Map";
			};
			name = Debug;
		};
		355910A01D321969002F20BD /* Release */ = {
			isa = XCBuildConfiguration;
			buildSettings = {
				INFOPLIST_FILE = "On the MapUITests/Info.plist";
				LD_RUNPATH_SEARCH_PATHS = "$(inherited) @executable_path/Frameworks @loader_path/Frameworks";
				PRODUCT_BUNDLE_IDENTIFIER = "com.hhhotdog.On-the-MapUITests";
				PRODUCT_NAME = "$(TARGET_NAME)";
				TEST_TARGET_NAME = "On the Map";
			};
			name = Release;
		};
/* End XCBuildConfiguration section */

/* Begin XCConfigurationList section */
		3559106B1D321969002F20BD /* Build configuration list for PBXProject "On the Map" */ = {
			isa = XCConfigurationList;
			buildConfigurations = (
				355910961D321969002F20BD /* Debug */,
				355910971D321969002F20BD /* Release */,
			);
			defaultConfigurationIsVisible = 0;
			defaultConfigurationName = Release;
		};
		355910981D321969002F20BD /* Build configuration list for PBXNativeTarget "On the Map" */ = {
			isa = XCConfigurationList;
			buildConfigurations = (
				355910991D321969002F20BD /* Debug */,
				3559109A1D321969002F20BD /* Release */,
			);
			defaultConfigurationIsVisible = 0;
			defaultConfigurationName = Release;
		};
		3559109B1D321969002F20BD /* Build configuration list for PBXNativeTarget "On the MapTests" */ = {
			isa = XCConfigurationList;
			buildConfigurations = (
				3559109C1D321969002F20BD /* Debug */,
				3559109D1D321969002F20BD /* Release */,
			);
			defaultConfigurationIsVisible = 0;
			defaultConfigurationName = Release;
		};
		3559109E1D321969002F20BD /* Build configuration list for PBXNativeTarget "On the MapUITests" */ = {
			isa = XCConfigurationList;
			buildConfigurations = (
				3559109F1D321969002F20BD /* Debug */,
				355910A01D321969002F20BD /* Release */,
			);
			defaultConfigurationIsVisible = 0;
			defaultConfigurationName = Release;
		};
/* End XCConfigurationList section */
	};
	rootObject = 355910681D321969002F20BD /* Project object */;
}
